
Microsoft Visual Studio Solution File, Format Version 12.00
# Visual Studio Version 16
VisualStudioVersion = 16.0.30523.141
MinimumVisualStudioVersion = 10.0.40219.1
Project("{9A19103F-16F7-4668-BE54-9A1E7A4F7556}") = "WpfApp", "WpfApp\WpfApp.csproj", "{6EB4BD85-E57E-4560-8351-195F0741B56C}"
EndProject
Project("{9A19103F-16F7-4668-BE54-9A1E7A4F7556}") = "AShapeLib", "AShapeLib\AShapeLib.csproj", "{152F6F75-CA73-45CD-BCF9-5E18D6453C56}"
EndProject
Project("{9A19103F-16F7-4668-BE54-9A1E7A4F7556}") = "BasicShapes", "BasicShapes\BasicShapes.csproj", "{D26941A5-D68E-4EB9-AAE6-B0908560A9BF}"
EndProject
Project("{9A19103F-16F7-4668-BE54-9A1E7A4F7556}") = "DbLibEF", "DbLibEF\DbLibEF.csproj", "{5DBD3EA9-D0A4-47BE-BD3C-4F72AE94DFEA}"
EndProject
Project("{9A19103F-16F7-4668-BE54-9A1E7A4F7556}") = "Shape4ViewAdapter", "Shape4ViewAdapter\Shape4ViewAdapter.csproj", "{01736365-44C8-402F-89CF-FC263D6495AB}"
EndProject
Project("{9A19103F-16F7-4668-BE54-9A1E7A4F7556}") = "DataSource", "DataSource\DataSource.csproj", "{9F4723B2-B40C-47A1-82AD-19208FC48183}"
EndProject
Project("{9A19103F-16F7-4668-BE54-9A1E7A4F7556}") = "FileDS", "FileDS\FileDS.csproj", "{6A7A5A11-F95E-47AA-9AB5-DAED4429FEE6}"
EndProject
Project("{9A19103F-16F7-4668-BE54-9A1E7A4F7556}") = "ConstDS", "ConstDS\ConstDS.csproj", "{ACAD12E6-D007-4C92-B58C-3A9DBDA4FDD8}"
EndProject
Project("{2150E333-8FDC-42A3-9474-1A3956D46DE8}") = "Model", "Model", "{4FCFD707-96C3-4448-968A-6EB5883542E6}"
EndProject
Project("{2150E333-8FDC-42A3-9474-1A3956D46DE8}") = "DataSources", "DataSources", "{82C7F97D-0462-4877-B987-6A741280C35D}"
EndProject
Project("{2150E333-8FDC-42A3-9474-1A3956D46DE8}") = "View", "View", "{B3D25947-2918-4EC2-B65F-BD7251E24E00}"
EndProject
Project("{2150E333-8FDC-42A3-9474-1A3956D46DE8}") = "Controller", "Controller", "{35CD471B-3CA5-4E59-9261-C8E53018F392}"
EndProject
Project("{9A19103F-16F7-4668-BE54-9A1E7A4F7556}") = "ShapesController", "ShapesController\ShapesController.csproj", "{43BDA8E7-330E-4EDB-A9B2-F16C5765CB1D}"
EndProject
Project("{9A19103F-16F7-4668-BE54-9A1E7A4F7556}") = "ShapesWebApi", "ShapesWebApi\ShapesWebApi.csproj", "{F21223D2-BE3F-4D32-B0F2-CA4604466A11}"
EndProject
Project("{FAE04EC0-301F-11D3-BF4B-00C04F79EFBC}") = "ShapesWebMVC", "ShapesWebMVC\ShapesWebMVC.csproj", "{5ADFCEAA-A5C6-4E15-99C4-96AD09B78517}"
EndProject
Global
	GlobalSection(SolutionConfigurationPlatforms) = preSolution
		Debug|Any CPU = Debug|Any CPU
		Release|Any CPU = Release|Any CPU
	EndGlobalSection
	GlobalSection(ProjectConfigurationPlatforms) = postSolution
		{6EB4BD85-E57E-4560-8351-195F0741B56C}.Debug|Any CPU.ActiveCfg = Debug|Any CPU
		{6EB4BD85-E57E-4560-8351-195F0741B56C}.Debug|Any CPU.Build.0 = Debug|Any CPU
		{6EB4BD85-E57E-4560-8351-195F0741B56C}.Release|Any CPU.ActiveCfg = Release|Any CPU
		{6EB4BD85-E57E-4560-8351-195F0741B56C}.Release|Any CPU.Build.0 = Release|Any CPU
		{152F6F75-CA73-45CD-BCF9-5E18D6453C56}.Debug|Any CPU.ActiveCfg = Debug|Any CPU
		{152F6F75-CA73-45CD-BCF9-5E18D6453C56}.Debug|Any CPU.Build.0 = Debug|Any CPU
		{152F6F75-CA73-45CD-BCF9-5E18D6453C56}.Release|Any CPU.ActiveCfg = Release|Any CPU
		{152F6F75-CA73-45CD-BCF9-5E18D6453C56}.Release|Any CPU.Build.0 = Release|Any CPU
		{D26941A5-D68E-4EB9-AAE6-B0908560A9BF}.Debug|Any CPU.ActiveCfg = Debug|Any CPU
		{D26941A5-D68E-4EB9-AAE6-B0908560A9BF}.Debug|Any CPU.Build.0 = Debug|Any CPU
		{D26941A5-D68E-4EB9-AAE6-B0908560A9BF}.Release|Any CPU.ActiveCfg = Release|Any CPU
		{D26941A5-D68E-4EB9-AAE6-B0908560A9BF}.Release|Any CPU.Build.0 = Release|Any CPU
		{5DBD3EA9-D0A4-47BE-BD3C-4F72AE94DFEA}.Debug|Any CPU.ActiveCfg = Debug|Any CPU
		{5DBD3EA9-D0A4-47BE-BD3C-4F72AE94DFEA}.Debug|Any CPU.Build.0 = Debug|Any CPU
		{5DBD3EA9-D0A4-47BE-BD3C-4F72AE94DFEA}.Release|Any CPU.ActiveCfg = Release|Any CPU
		{5DBD3EA9-D0A4-47BE-BD3C-4F72AE94DFEA}.Release|Any CPU.Build.0 = Release|Any CPU
		{01736365-44C8-402F-89CF-FC263D6495AB}.Debug|Any CPU.ActiveCfg = Debug|Any CPU
		{01736365-44C8-402F-89CF-FC263D6495AB}.Debug|Any CPU.Build.0 = Debug|Any CPU
		{01736365-44C8-402F-89CF-FC263D6495AB}.Release|Any CPU.ActiveCfg = Release|Any CPU
		{01736365-44C8-402F-89CF-FC263D6495AB}.Release|Any CPU.Build.0 = Release|Any CPU
		{9F4723B2-B40C-47A1-82AD-19208FC48183}.Debug|Any CPU.ActiveCfg = Debug|Any CPU
		{9F4723B2-B40C-47A1-82AD-19208FC48183}.Debug|Any CPU.Build.0 = Debug|Any CPU
		{9F4723B2-B40C-47A1-82AD-19208FC48183}.Release|Any CPU.ActiveCfg = Release|Any CPU
		{9F4723B2-B40C-47A1-82AD-19208FC48183}.Release|Any CPU.Build.0 = Release|Any CPU
		{6A7A5A11-F95E-47AA-9AB5-DAED4429FEE6}.Debug|Any CPU.ActiveCfg = Debug|Any CPU
		{6A7A5A11-F95E-47AA-9AB5-DAED4429FEE6}.Debug|Any CPU.Build.0 = Debug|Any CPU
		{6A7A5A11-F95E-47AA-9AB5-DAED4429FEE6}.Release|Any CPU.ActiveCfg = Release|Any CPU
		{6A7A5A11-F95E-47AA-9AB5-DAED4429FEE6}.Release|Any CPU.Build.0 = Release|Any CPU
		{ACAD12E6-D007-4C92-B58C-3A9DBDA4FDD8}.Debug|Any CPU.ActiveCfg = Debug|Any CPU
		{ACAD12E6-D007-4C92-B58C-3A9DBDA4FDD8}.Debug|Any CPU.Build.0 = Debug|Any CPU
		{ACAD12E6-D007-4C92-B58C-3A9DBDA4FDD8}.Release|Any CPU.ActiveCfg = Release|Any CPU
		{ACAD12E6-D007-4C92-B58C-3A9DBDA4FDD8}.Release|Any CPU.Build.0 = Release|Any CPU
		{43BDA8E7-330E-4EDB-A9B2-F16C5765CB1D}.Debug|Any CPU.ActiveCfg = Debug|Any CPU
		{43BDA8E7-330E-4EDB-A9B2-F16C5765CB1D}.Debug|Any CPU.Build.0 = Debug|Any CPU
		{43BDA8E7-330E-4EDB-A9B2-F16C5765CB1D}.Release|Any CPU.ActiveCfg = Release|Any CPU
		{43BDA8E7-330E-4EDB-A9B2-F16C5765CB1D}.Release|Any CPU.Build.0 = Release|Any CPU
		{F21223D2-BE3F-4D32-B0F2-CA4604466A11}.Debug|Any CPU.ActiveCfg = Debug|Any CPU
		{F21223D2-BE3F-4D32-B0F2-CA4604466A11}.Debug|Any CPU.Build.0 = Debug|Any CPU
		{F21223D2-BE3F-4D32-B0F2-CA4604466A11}.Release|Any CPU.ActiveCfg = Release|Any CPU
		{F21223D2-BE3F-4D32-B0F2-CA4604466A11}.Release|Any CPU.Build.0 = Release|Any CPU
		{5ADFCEAA-A5C6-4E15-99C4-96AD09B78517}.Debug|Any CPU.ActiveCfg = Debug|Any CPU
		{5ADFCEAA-A5C6-4E15-99C4-96AD09B78517}.Debug|Any CPU.Build.0 = Debug|Any CPU
		{5ADFCEAA-A5C6-4E15-99C4-96AD09B78517}.Release|Any CPU.ActiveCfg = Release|Any CPU
		{5ADFCEAA-A5C6-4E15-99C4-96AD09B78517}.Release|Any CPU.Build.0 = Release|Any CPU
	EndGlobalSection
	GlobalSection(SolutionProperties) = preSolution
		HideSolutionNode = FALSE
	EndGlobalSection
	GlobalSection(NestedProjects) = preSolution
		{6EB4BD85-E57E-4560-8351-195F0741B56C} = {B3D25947-2918-4EC2-B65F-BD7251E24E00}
		{152F6F75-CA73-45CD-BCF9-5E18D6453C56} = {4FCFD707-96C3-4448-968A-6EB5883542E6}
		{D26941A5-D68E-4EB9-AAE6-B0908560A9BF} = {4FCFD707-96C3-4448-968A-6EB5883542E6}
		{5DBD3EA9-D0A4-47BE-BD3C-4F72AE94DFEA} = {82C7F97D-0462-4877-B987-6A741280C35D}
		{01736365-44C8-402F-89CF-FC263D6495AB} = {35CD471B-3CA5-4E59-9261-C8E53018F392}
		{9F4723B2-B40C-47A1-82AD-19208FC48183} = {82C7F97D-0462-4877-B987-6A741280C35D}
		{6A7A5A11-F95E-47AA-9AB5-DAED4429FEE6} = {82C7F97D-0462-4877-B987-6A741280C35D}
		{ACAD12E6-D007-4C92-B58C-3A9DBDA4FDD8} = {82C7F97D-0462-4877-B987-6A741280C35D}
		{43BDA8E7-330E-4EDB-A9B2-F16C5765CB1D} = {35CD471B-3CA5-4E59-9261-C8E53018F392}
	EndGlobalSection
	GlobalSection(ExtensibilityGlobals) = postSolution
		SolutionGuid = {AC835688-0B01-466C-9E38-812F02F24CF6}
	EndGlobalSection
EndGlobal
